
Microsoft Visual Studio Solution File, Format Version 12.00
# Visual Studio 14
VisualStudioVersion = 14.0.25420.1
MinimumVisualStudioVersion = 10.0.40219.1
Project("{FAE04EC0-301F-11D3-BF4B-00C04F79EFBC}") = "RafaelKuntzerBarizon.sln.Demonstrativo", "CWI.Modulo-06.Demonstrativo\RafaelKuntzerBarizon.sln.Demonstrativo.csproj", "{00DACDF4-3712-4FE0-AEAF-732901A03119}"
EndProject
Project("{FAE04EC0-301F-11D3-BF4B-00C04F79EFBC}") = "RafaelKuntzerBarizon.sln.UnitTest", "RafaelKuntzerBarizon.sln.UnitTest\RafaelKuntzerBarizon.sln.UnitTest.csproj", "{2D011612-F155-4B58-B008-2C8F0A633B7A}"
EndProject
Global
	GlobalSection(SolutionConfigurationPlatforms) = preSolution
		Debug|Any CPU = Debug|Any CPU
		Release|Any CPU = Release|Any CPU
	EndGlobalSection
	GlobalSection(ProjectConfigurationPlatforms) = postSolution
		{00DACDF4-3712-4FE0-AEAF-732901A03119}.Debug|Any CPU.ActiveCfg = Debug|Any CPU
		{00DACDF4-3712-4FE0-AEAF-732901A03119}.Debug|Any CPU.Build.0 = Debug|Any CPU
		{00DACDF4-3712-4FE0-AEAF-732901A03119}.Release|Any CPU.ActiveCfg = Release|Any CPU
		{00DACDF4-3712-4FE0-AEAF-732901A03119}.Release|Any CPU.Build.0 = Release|Any CPU
		{2D011612-F155-4B58-B008-2C8F0A633B7A}.Debug|Any CPU.ActiveCfg = Debug|Any CPU
		{2D011612-F155-4B58-B008-2C8F0A633B7A}.Debug|Any CPU.Build.0 = Debug|Any CPU
		{2D011612-F155-4B58-B008-2C8F0A633B7A}.Release|Any CPU.ActiveCfg = Release|Any CPU
		{2D011612-F155-4B58-B008-2C8F0A633B7A}.Release|Any CPU.Build.0 = Release|Any CPU
	EndGlobalSection
	GlobalSection(SolutionProperties) = preSolution
		HideSolutionNode = FALSE
	EndGlobalSection
EndGlobal
