
Microsoft Visual Studio Solution File, Format Version 12.00
# Visual Studio 15
VisualStudioVersion = 15.0.26430.6
MinimumVisualStudioVersion = 10.0.40219.1
Project("{FAE04EC0-301F-11D3-BF4B-00C04F79EFBC}") = "LocacaoDeFestasCrescer.Dominio", "LocacaoDeFestasCrescer.Dominio\LocacaoDeFestasCrescer.Dominio.csproj", "{6BF3D7AF-0DA3-4C57-BE28-44B8B4CAE5B7}"
EndProject
Project("{FAE04EC0-301F-11D3-BF4B-00C04F79EFBC}") = "LocacaoDeFestasCrescer.Infraestrutura", "LocacaoDeFestasCrescer.Infraestrutura\LocacaoDeFestasCrescer.Infraestrutura.csproj", "{33007482-3458-438A-885F-144605A2B47F}"
EndProject
Project("{FAE04EC0-301F-11D3-BF4B-00C04F79EFBC}") = "LocacaoDeFestasCrescer.Api", "LocacaoDeFestasCrescer.Api\LocacaoDeFestasCrescer.Api.csproj", "{0B46812C-C3A9-4772-AA3F-0F1D2DBFF81A}"
EndProject
Project("{FAE04EC0-301F-11D3-BF4B-00C04F79EFBC}") = "Program_Adicionar_Dados_No_Banco", "Program_Adicionar_Dados_No_Banco\Program_Adicionar_Dados_No_Banco.csproj", "{F9413BB8-1B00-4626-965C-E9C81EBC96C0}"
EndProject
Global
	GlobalSection(SolutionConfigurationPlatforms) = preSolution
		Debug|Any CPU = Debug|Any CPU
		Release|Any CPU = Release|Any CPU
	EndGlobalSection
	GlobalSection(ProjectConfigurationPlatforms) = postSolution
		{6BF3D7AF-0DA3-4C57-BE28-44B8B4CAE5B7}.Debug|Any CPU.ActiveCfg = Debug|Any CPU
		{6BF3D7AF-0DA3-4C57-BE28-44B8B4CAE5B7}.Debug|Any CPU.Build.0 = Debug|Any CPU
		{6BF3D7AF-0DA3-4C57-BE28-44B8B4CAE5B7}.Release|Any CPU.ActiveCfg = Release|Any CPU
		{6BF3D7AF-0DA3-4C57-BE28-44B8B4CAE5B7}.Release|Any CPU.Build.0 = Release|Any CPU
		{33007482-3458-438A-885F-144605A2B47F}.Debug|Any CPU.ActiveCfg = Debug|Any CPU
		{33007482-3458-438A-885F-144605A2B47F}.Debug|Any CPU.Build.0 = Debug|Any CPU
		{33007482-3458-438A-885F-144605A2B47F}.Release|Any CPU.ActiveCfg = Release|Any CPU
		{33007482-3458-438A-885F-144605A2B47F}.Release|Any CPU.Build.0 = Release|Any CPU
		{0B46812C-C3A9-4772-AA3F-0F1D2DBFF81A}.Debug|Any CPU.ActiveCfg = Debug|Any CPU
		{0B46812C-C3A9-4772-AA3F-0F1D2DBFF81A}.Debug|Any CPU.Build.0 = Debug|Any CPU
		{0B46812C-C3A9-4772-AA3F-0F1D2DBFF81A}.Release|Any CPU.ActiveCfg = Release|Any CPU
		{0B46812C-C3A9-4772-AA3F-0F1D2DBFF81A}.Release|Any CPU.Build.0 = Release|Any CPU
		{F9413BB8-1B00-4626-965C-E9C81EBC96C0}.Debug|Any CPU.ActiveCfg = Debug|Any CPU
		{F9413BB8-1B00-4626-965C-E9C81EBC96C0}.Debug|Any CPU.Build.0 = Debug|Any CPU
		{F9413BB8-1B00-4626-965C-E9C81EBC96C0}.Release|Any CPU.ActiveCfg = Release|Any CPU
		{F9413BB8-1B00-4626-965C-E9C81EBC96C0}.Release|Any CPU.Build.0 = Release|Any CPU
	EndGlobalSection
	GlobalSection(SolutionProperties) = preSolution
		HideSolutionNode = FALSE
	EndGlobalSection
EndGlobal
